
Microsoft Visual Studio Solution File, Format Version 12.00
# Visual Studio Version 17
VisualStudioVersion = 17.11.35312.102
MinimumVisualStudioVersion = 10.0.40219.1
Project("{FAE04EC0-301F-11D3-BF4B-00C04F79EFBC}") = "tricle-settings", "tricle-settings\tricle-settings.csproj", "{4AEB54EE-AE3E-484D-BA01-453999CF47E2}"
EndProject
Global
	GlobalSection(SolutionConfigurationPlatforms) = preSolution
		Debug|Any CPU = Debug|Any CPU
		Release|Any CPU = Release|Any CPU
	EndGlobalSection
	GlobalSection(ProjectConfigurationPlatforms) = postSolution
		{4AEB54EE-AE3E-484D-BA01-453999CF47E2}.Debug|Any CPU.ActiveCfg = Debug|Any CPU
		{4AEB54EE-AE3E-484D-BA01-453999CF47E2}.Debug|Any CPU.Build.0 = Debug|Any CPU
		{4AEB54EE-AE3E-484D-BA01-453999CF47E2}.Release|Any CPU.ActiveCfg = Release|Any CPU
		{4AEB54EE-AE3E-484D-BA01-453999CF47E2}.Release|Any CPU.Build.0 = Release|Any CPU
	EndGlobalSection
	GlobalSection(SolutionProperties) = preSolution
		HideSolutionNode = FALSE
	EndGlobalSection
	GlobalSection(ExtensibilityGlobals) = postSolution
		SolutionGuid = {A09C0206-1E4A-4827-BA8A-089C875DAE18}
	EndGlobalSection
EndGlobal
